
Microsoft Visual Studio Solution File, Format Version 12.00
# Visual Studio Version 17
VisualStudioVersion = 17.5.33424.131
MinimumVisualStudioVersion = 10.0.40219.1
Project("{FAE04EC0-301F-11D3-BF4B-00C04F79EFBC}") = "Divisao", "WindowsFormsApp2\Divisao.csproj", "{05604DC5-BEF9-4800-B1D2-A134EC782CDE}"
EndProject
Global
	GlobalSection(SolutionConfigurationPlatforms) = preSolution
		Debug|Any CPU = Debug|Any CPU
		Release|Any CPU = Release|Any CPU
	EndGlobalSection
	GlobalSection(ProjectConfigurationPlatforms) = postSolution
		{05604DC5-BEF9-4800-B1D2-A134EC782CDE}.Debug|Any CPU.ActiveCfg = Debug|Any CPU
		{05604DC5-BEF9-4800-B1D2-A134EC782CDE}.Debug|Any CPU.Build.0 = Debug|Any CPU
		{05604DC5-BEF9-4800-B1D2-A134EC782CDE}.Release|Any CPU.ActiveCfg = Release|Any CPU
		{05604DC5-BEF9-4800-B1D2-A134EC782CDE}.Release|Any CPU.Build.0 = Release|Any CPU
	EndGlobalSection
	GlobalSection(SolutionProperties) = preSolution
		HideSolutionNode = FALSE
	EndGlobalSection
	GlobalSection(ExtensibilityGlobals) = postSolution
		SolutionGuid = {3499CC12-A1EE-4D60-A303-CDFEB996FFC6}
	EndGlobalSection
EndGlobal
